
Microsoft Visual Studio Solution File, Format Version 12.00
# Visual Studio Version 17
VisualStudioVersion = 17.14.36705.20 d17.14
MinimumVisualStudioVersion = 10.0.40219.1
Project("{FAE04EC0-301F-11D3-BF4B-00C04F79EFBC}") = "SREES.API", "SREES.API\SREES.API.csproj", "{E3A98A6C-9E8B-4776-948D-4E253DDF1CFD}"
EndProject
Project("{FAE04EC0-301F-11D3-BF4B-00C04F79EFBC}") = "SREES.Common", "SREES.Common\SREES.Common.csproj", "{55A07F77-774D-423B-904B-CDADD396EC05}"
EndProject
Project("{FAE04EC0-301F-11D3-BF4B-00C04F79EFBC}") = "SREES.BLL", "SREES.BLL\SREES.BLL.csproj", "{C31F863C-F3AD-41A6-88FD-7B5F4662EA93}"
EndProject
Project("{FAE04EC0-301F-11D3-BF4B-00C04F79EFBC}") = "SREES.DAL", "SREES.DAL\SREES.DAL.csproj", "{F78FF9EE-17E3-445A-8C5C-EFB373009107}"
EndProject
Project("{FAE04EC0-301F-11D3-BF4B-00C04F79EFBC}") = "SREES.Services", "SREES.Services\SREES.Services.csproj", "{719E4A99-1EF7-4291-BF44-1602946AB6A8}"
EndProject
Global
	GlobalSection(SolutionConfigurationPlatforms) = preSolution
		Debug|Any CPU = Debug|Any CPU
		Release|Any CPU = Release|Any CPU
	EndGlobalSection
	GlobalSection(ProjectConfigurationPlatforms) = postSolution
		{E3A98A6C-9E8B-4776-948D-4E253DDF1CFD}.Debug|Any CPU.ActiveCfg = Debug|Any CPU
		{E3A98A6C-9E8B-4776-948D-4E253DDF1CFD}.Debug|Any CPU.Build.0 = Debug|Any CPU
		{E3A98A6C-9E8B-4776-948D-4E253DDF1CFD}.Release|Any CPU.ActiveCfg = Release|Any CPU
		{E3A98A6C-9E8B-4776-948D-4E253DDF1CFD}.Release|Any CPU.Build.0 = Release|Any CPU
		{55A07F77-774D-423B-904B-CDADD396EC05}.Debug|Any CPU.ActiveCfg = Debug|Any CPU
		{55A07F77-774D-423B-904B-CDADD396EC05}.Debug|Any CPU.Build.0 = Debug|Any CPU
		{55A07F77-774D-423B-904B-CDADD396EC05}.Release|Any CPU.ActiveCfg = Release|Any CPU
		{55A07F77-774D-423B-904B-CDADD396EC05}.Release|Any CPU.Build.0 = Release|Any CPU
		{C31F863C-F3AD-41A6-88FD-7B5F4662EA93}.Debug|Any CPU.ActiveCfg = Debug|Any CPU
		{C31F863C-F3AD-41A6-88FD-7B5F4662EA93}.Debug|Any CPU.Build.0 = Debug|Any CPU
		{C31F863C-F3AD-41A6-88FD-7B5F4662EA93}.Release|Any CPU.ActiveCfg = Release|Any CPU
		{C31F863C-F3AD-41A6-88FD-7B5F4662EA93}.Release|Any CPU.Build.0 = Release|Any CPU
		{F78FF9EE-17E3-445A-8C5C-EFB373009107}.Debug|Any CPU.ActiveCfg = Debug|Any CPU
		{F78FF9EE-17E3-445A-8C5C-EFB373009107}.Debug|Any CPU.Build.0 = Debug|Any CPU
		{F78FF9EE-17E3-445A-8C5C-EFB373009107}.Release|Any CPU.ActiveCfg = Release|Any CPU
		{F78FF9EE-17E3-445A-8C5C-EFB373009107}.Release|Any CPU.Build.0 = Release|Any CPU
		{719E4A99-1EF7-4291-BF44-1602946AB6A8}.Debug|Any CPU.ActiveCfg = Debug|Any CPU
		{719E4A99-1EF7-4291-BF44-1602946AB6A8}.Debug|Any CPU.Build.0 = Debug|Any CPU
		{719E4A99-1EF7-4291-BF44-1602946AB6A8}.Release|Any CPU.ActiveCfg = Release|Any CPU
		{719E4A99-1EF7-4291-BF44-1602946AB6A8}.Release|Any CPU.Build.0 = Release|Any CPU
	EndGlobalSection
	GlobalSection(SolutionProperties) = preSolution
		HideSolutionNode = FALSE
	EndGlobalSection
	GlobalSection(ExtensibilityGlobals) = postSolution
		SolutionGuid = {79073ADF-83A4-4437-959D-3C8F7FC71955}
	EndGlobalSection
EndGlobal
